
Microsoft Visual Studio Solution File, Format Version 12.00
# Visual Studio Version 17
VisualStudioVersion = 17.0.31903.59
MinimumVisualStudioVersion = 10.0.40219.1
Project("{2150E333-8FDC-42A3-9474-1A3956D46DE8}") = "backend", "backend", "{1AE8ACA6-933B-BF2A-3671-3E2EAC007D16}"
EndProject
Project("{2150E333-8FDC-42A3-9474-1A3956D46DE8}") = "src", "src", "{0F9113EE-888A-26D2-68B0-4A7D0A2A8745}"
EndProject
Project("{FAE04EC0-301F-11D3-BF4B-00C04F79EFBC}") = "OpoMatic3000.Domain", "backend\src\OpoMatic3000.Domain\OpoMatic3000.Domain.csproj", "{BFE6CEA2-CD71-4EED-9B17-D6EA01723FB1}"
EndProject
Project("{FAE04EC0-301F-11D3-BF4B-00C04F79EFBC}") = "OpoMatic3000.Application", "backend\src\OpoMatic3000.Application\OpoMatic3000.Application.csproj", "{6ABAF343-D651-4BE1-813E-6B2E054AAA10}"
EndProject
Project("{FAE04EC0-301F-11D3-BF4B-00C04F79EFBC}") = "OpoMatic3000.Infrastructure", "backend\src\OpoMatic3000.Infrastructure\OpoMatic3000.Infrastructure.csproj", "{13C9B13A-548F-4302-8620-3C8E34F6196B}"
EndProject
Project("{FAE04EC0-301F-11D3-BF4B-00C04F79EFBC}") = "OpoMatic3000.Api", "backend\src\OpoMatic3000.Api\OpoMatic3000.Api.csproj", "{1FFB9A5E-4401-4483-8832-CCBFF5C4BE9D}"
EndProject
Project("{2150E333-8FDC-42A3-9474-1A3956D46DE8}") = "tests", "tests", "{F57642F3-C37C-D174-720E-6A6AAD5BEE22}"
EndProject
Project("{FAE04EC0-301F-11D3-BF4B-00C04F79EFBC}") = "OpoMatic3000.UnitTests", "backend\tests\OpoMatic3000.UnitTests\OpoMatic3000.UnitTests.csproj", "{3140555F-CC33-4C59-B3E0-0BE58856AF03}"
EndProject
Project("{FAE04EC0-301F-11D3-BF4B-00C04F79EFBC}") = "OpoMatic3000.IntegrationTests", "backend\tests\OpoMatic3000.IntegrationTests\OpoMatic3000.IntegrationTests.csproj", "{9249CCD0-EF38-4EA3-A8A7-013FC3E09D16}"
EndProject
Global
	GlobalSection(SolutionConfigurationPlatforms) = preSolution
		Debug|Any CPU = Debug|Any CPU
		Debug|x64 = Debug|x64
		Debug|x86 = Debug|x86
		Release|Any CPU = Release|Any CPU
		Release|x64 = Release|x64
		Release|x86 = Release|x86
	EndGlobalSection
	GlobalSection(ProjectConfigurationPlatforms) = postSolution
		{BFE6CEA2-CD71-4EED-9B17-D6EA01723FB1}.Debug|Any CPU.ActiveCfg = Debug|Any CPU
		{BFE6CEA2-CD71-4EED-9B17-D6EA01723FB1}.Debug|Any CPU.Build.0 = Debug|Any CPU
		{BFE6CEA2-CD71-4EED-9B17-D6EA01723FB1}.Debug|x64.ActiveCfg = Debug|Any CPU
		{BFE6CEA2-CD71-4EED-9B17-D6EA01723FB1}.Debug|x64.Build.0 = Debug|Any CPU
		{BFE6CEA2-CD71-4EED-9B17-D6EA01723FB1}.Debug|x86.ActiveCfg = Debug|Any CPU
		{BFE6CEA2-CD71-4EED-9B17-D6EA01723FB1}.Debug|x86.Build.0 = Debug|Any CPU
		{BFE6CEA2-CD71-4EED-9B17-D6EA01723FB1}.Release|Any CPU.ActiveCfg = Release|Any CPU
		{BFE6CEA2-CD71-4EED-9B17-D6EA01723FB1}.Release|Any CPU.Build.0 = Release|Any CPU
		{BFE6CEA2-CD71-4EED-9B17-D6EA01723FB1}.Release|x64.ActiveCfg = Release|Any CPU
		{BFE6CEA2-CD71-4EED-9B17-D6EA01723FB1}.Release|x64.Build.0 = Release|Any CPU
		{BFE6CEA2-CD71-4EED-9B17-D6EA01723FB1}.Release|x86.ActiveCfg = Release|Any CPU
		{BFE6CEA2-CD71-4EED-9B17-D6EA01723FB1}.Release|x86.Build.0 = Release|Any CPU
		{6ABAF343-D651-4BE1-813E-6B2E054AAA10}.Debug|Any CPU.ActiveCfg = Debug|Any CPU
		{6ABAF343-D651-4BE1-813E-6B2E054AAA10}.Debug|Any CPU.Build.0 = Debug|Any CPU
		{6ABAF343-D651-4BE1-813E-6B2E054AAA10}.Debug|x64.ActiveCfg = Debug|Any CPU
		{6ABAF343-D651-4BE1-813E-6B2E054AAA10}.Debug|x64.Build.0 = Debug|Any CPU
		{6ABAF343-D651-4BE1-813E-6B2E054AAA10}.Debug|x86.ActiveCfg = Debug|Any CPU
		{6ABAF343-D651-4BE1-813E-6B2E054AAA10}.Debug|x86.Build.0 = Debug|Any CPU
		{6ABAF343-D651-4BE1-813E-6B2E054AAA10}.Release|Any CPU.ActiveCfg = Release|Any CPU
		{6ABAF343-D651-4BE1-813E-6B2E054AAA10}.Release|Any CPU.Build.0 = Release|Any CPU
		{6ABAF343-D651-4BE1-813E-6B2E054AAA10}.Release|x64.ActiveCfg = Release|Any CPU
		{6ABAF343-D651-4BE1-813E-6B2E054AAA10}.Release|x64.Build.0 = Release|Any CPU
		{6ABAF343-D651-4BE1-813E-6B2E054AAA10}.Release|x86.ActiveCfg = Release|Any CPU
		{6ABAF343-D651-4BE1-813E-6B2E054AAA10}.Release|x86.Build.0 = Release|Any CPU
		{13C9B13A-548F-4302-8620-3C8E34F6196B}.Debug|Any CPU.ActiveCfg = Debug|Any CPU
		{13C9B13A-548F-4302-8620-3C8E34F6196B}.Debug|Any CPU.Build.0 = Debug|Any CPU
		{13C9B13A-548F-4302-8620-3C8E34F6196B}.Debug|x64.ActiveCfg = Debug|Any CPU
		{13C9B13A-548F-4302-8620-3C8E34F6196B}.Debug|x64.Build.0 = Debug|Any CPU
		{13C9B13A-548F-4302-8620-3C8E34F6196B}.Debug|x86.ActiveCfg = Debug|Any CPU
		{13C9B13A-548F-4302-8620-3C8E34F6196B}.Debug|x86.Build.0 = Debug|Any CPU
		{13C9B13A-548F-4302-8620-3C8E34F6196B}.Release|Any CPU.ActiveCfg = Release|Any CPU
		{13C9B13A-548F-4302-8620-3C8E34F6196B}.Release|Any CPU.Build.0 = Release|Any CPU
		{13C9B13A-548F-4302-8620-3C8E34F6196B}.Release|x64.ActiveCfg = Release|Any CPU
		{13C9B13A-548F-4302-8620-3C8E34F6196B}.Release|x64.Build.0 = Release|Any CPU
		{13C9B13A-548F-4302-8620-3C8E34F6196B}.Release|x86.ActiveCfg = Release|Any CPU
		{13C9B13A-548F-4302-8620-3C8E34F6196B}.Release|x86.Build.0 = Release|Any CPU
		{1FFB9A5E-4401-4483-8832-CCBFF5C4BE9D}.Debug|Any CPU.ActiveCfg = Debug|Any CPU
		{1FFB9A5E-4401-4483-8832-CCBFF5C4BE9D}.Debug|Any CPU.Build.0 = Debug|Any CPU
		{1FFB9A5E-4401-4483-8832-CCBFF5C4BE9D}.Debug|x64.ActiveCfg = Debug|Any CPU
		{1FFB9A5E-4401-4483-8832-CCBFF5C4BE9D}.Debug|x64.Build.0 = Debug|Any CPU
		{1FFB9A5E-4401-4483-8832-CCBFF5C4BE9D}.Debug|x86.ActiveCfg = Debug|Any CPU
		{1FFB9A5E-4401-4483-8832-CCBFF5C4BE9D}.Debug|x86.Build.0 = Debug|Any CPU
		{1FFB9A5E-4401-4483-8832-CCBFF5C4BE9D}.Release|Any CPU.ActiveCfg = Release|Any CPU
		{1FFB9A5E-4401-4483-8832-CCBFF5C4BE9D}.Release|Any CPU.Build.0 = Release|Any CPU
		{1FFB9A5E-4401-4483-8832-CCBFF5C4BE9D}.Release|x64.ActiveCfg = Release|Any CPU
		{1FFB9A5E-4401-4483-8832-CCBFF5C4BE9D}.Release|x64.Build.0 = Release|Any CPU
		{1FFB9A5E-4401-4483-8832-CCBFF5C4BE9D}.Release|x86.ActiveCfg = Release|Any CPU
		{1FFB9A5E-4401-4483-8832-CCBFF5C4BE9D}.Release|x86.Build.0 = Release|Any CPU
		{3140555F-CC33-4C59-B3E0-0BE58856AF03}.Debug|Any CPU.ActiveCfg = Debug|Any CPU
		{3140555F-CC33-4C59-B3E0-0BE58856AF03}.Debug|Any CPU.Build.0 = Debug|Any CPU
		{3140555F-CC33-4C59-B3E0-0BE58856AF03}.Debug|x64.ActiveCfg = Debug|Any CPU
		{3140555F-CC33-4C59-B3E0-0BE58856AF03}.Debug|x64.Build.0 = Debug|Any CPU
		{3140555F-CC33-4C59-B3E0-0BE58856AF03}.Debug|x86.ActiveCfg = Debug|Any CPU
		{3140555F-CC33-4C59-B3E0-0BE58856AF03}.Debug|x86.Build.0 = Debug|Any CPU
		{3140555F-CC33-4C59-B3E0-0BE58856AF03}.Release|Any CPU.ActiveCfg = Release|Any CPU
		{3140555F-CC33-4C59-B3E0-0BE58856AF03}.Release|Any CPU.Build.0 = Release|Any CPU
		{3140555F-CC33-4C59-B3E0-0BE58856AF03}.Release|x64.ActiveCfg = Release|Any CPU
		{3140555F-CC33-4C59-B3E0-0BE58856AF03}.Release|x64.Build.0 = Release|Any CPU
		{3140555F-CC33-4C59-B3E0-0BE58856AF03}.Release|x86.ActiveCfg = Release|Any CPU
		{3140555F-CC33-4C59-B3E0-0BE58856AF03}.Release|x86.Build.0 = Release|Any CPU
		{9249CCD0-EF38-4EA3-A8A7-013FC3E09D16}.Debug|Any CPU.ActiveCfg = Debug|Any CPU
		{9249CCD0-EF38-4EA3-A8A7-013FC3E09D16}.Debug|Any CPU.Build.0 = Debug|Any CPU
		{9249CCD0-EF38-4EA3-A8A7-013FC3E09D16}.Debug|x64.ActiveCfg = Debug|Any CPU
		{9249CCD0-EF38-4EA3-A8A7-013FC3E09D16}.Debug|x64.Build.0 = Debug|Any CPU
		{9249CCD0-EF38-4EA3-A8A7-013FC3E09D16}.Debug|x86.ActiveCfg = Debug|Any CPU
		{9249CCD0-EF38-4EA3-A8A7-013FC3E09D16}.Debug|x86.Build.0 = Debug|Any CPU
		{9249CCD0-EF38-4EA3-A8A7-013FC3E09D16}.Release|Any CPU.ActiveCfg = Release|Any CPU
		{9249CCD0-EF38-4EA3-A8A7-013FC3E09D16}.Release|Any CPU.Build.0 = Release|Any CPU
		{9249CCD0-EF38-4EA3-A8A7-013FC3E09D16}.Release|x64.ActiveCfg = Release|Any CPU
		{9249CCD0-EF38-4EA3-A8A7-013FC3E09D16}.Release|x64.Build.0 = Release|Any CPU
		{9249CCD0-EF38-4EA3-A8A7-013FC3E09D16}.Release|x86.ActiveCfg = Release|Any CPU
		{9249CCD0-EF38-4EA3-A8A7-013FC3E09D16}.Release|x86.Build.0 = Release|Any CPU
	EndGlobalSection
	GlobalSection(SolutionProperties) = preSolution
		HideSolutionNode = FALSE
	EndGlobalSection
	GlobalSection(NestedProjects) = preSolution
		{0F9113EE-888A-26D2-68B0-4A7D0A2A8745} = {1AE8ACA6-933B-BF2A-3671-3E2EAC007D16}
		{BFE6CEA2-CD71-4EED-9B17-D6EA01723FB1} = {0F9113EE-888A-26D2-68B0-4A7D0A2A8745}
		{6ABAF343-D651-4BE1-813E-6B2E054AAA10} = {0F9113EE-888A-26D2-68B0-4A7D0A2A8745}
		{13C9B13A-548F-4302-8620-3C8E34F6196B} = {0F9113EE-888A-26D2-68B0-4A7D0A2A8745}
		{1FFB9A5E-4401-4483-8832-CCBFF5C4BE9D} = {0F9113EE-888A-26D2-68B0-4A7D0A2A8745}
		{F57642F3-C37C-D174-720E-6A6AAD5BEE22} = {1AE8ACA6-933B-BF2A-3671-3E2EAC007D16}
		{3140555F-CC33-4C59-B3E0-0BE58856AF03} = {F57642F3-C37C-D174-720E-6A6AAD5BEE22}
		{9249CCD0-EF38-4EA3-A8A7-013FC3E09D16} = {F57642F3-C37C-D174-720E-6A6AAD5BEE22}
	EndGlobalSection
EndGlobal
